
Microsoft Visual Studio Solution File, Format Version 12.00
# Visual Studio Version 17
VisualStudioVersion = 17.5.002.0
MinimumVisualStudioVersion = 10.0.40219.1
Project("{9A19103F-16F7-4668-BE54-9A1E7A4F7556}") = "HelloWorld", "HelloWorld\HelloWorld.csproj", "{6096DEDF-9BC5-479F-B23A-0C416F8301B2}"
EndProject
Global
	GlobalSection(SolutionConfigurationPlatforms) = preSolution
		Debug|Any CPU = Debug|Any CPU
		Release|Any CPU = Release|Any CPU
	EndGlobalSection
	GlobalSection(ProjectConfigurationPlatforms) = postSolution
		{6096DEDF-9BC5-479F-B23A-0C416F8301B2}.Debug|Any CPU.ActiveCfg = Debug|Any CPU
		{6096DEDF-9BC5-479F-B23A-0C416F8301B2}.Debug|Any CPU.Build.0 = Debug|Any CPU
		{6096DEDF-9BC5-479F-B23A-0C416F8301B2}.Release|Any CPU.ActiveCfg = Release|Any CPU
		{6096DEDF-9BC5-479F-B23A-0C416F8301B2}.Release|Any CPU.Build.0 = Release|Any CPU
	EndGlobalSection
	GlobalSection(SolutionProperties) = preSolution
		HideSolutionNode = FALSE
	EndGlobalSection
	GlobalSection(ExtensibilityGlobals) = postSolution
		SolutionGuid = {F373179B-D7EE-46D6-A3E5-9796F301962D}
	EndGlobalSection
EndGlobal
